
Microsoft Visual Studio Solution File, Format Version 12.00
# Visual Studio Version 16
VisualStudioVersion = 16.0.31624.102
MinimumVisualStudioVersion = 10.0.40219.1
Project("{9A19103F-16F7-4668-BE54-9A1E7A4F7556}") = "Variant A", "ConsoleApp1\Variant A.csproj", "{E691FC0C-855C-43C0-8B07-10B99A7E8FC1}"
EndProject
Project("{FAE04EC0-301F-11D3-BF4B-00C04F79EFBC}") = "Variant B", "Variant B\Variant B.csproj", "{8F5BC976-9814-4434-BDC0-025E28A2B8E4}"
EndProject
Global
	GlobalSection(SolutionConfigurationPlatforms) = preSolution
		Debug|Any CPU = Debug|Any CPU
		Release|Any CPU = Release|Any CPU
	EndGlobalSection
	GlobalSection(ProjectConfigurationPlatforms) = postSolution
		{E691FC0C-855C-43C0-8B07-10B99A7E8FC1}.Debug|Any CPU.ActiveCfg = Debug|Any CPU
		{E691FC0C-855C-43C0-8B07-10B99A7E8FC1}.Debug|Any CPU.Build.0 = Debug|Any CPU
		{E691FC0C-855C-43C0-8B07-10B99A7E8FC1}.Release|Any CPU.ActiveCfg = Release|Any CPU
		{E691FC0C-855C-43C0-8B07-10B99A7E8FC1}.Release|Any CPU.Build.0 = Release|Any CPU
		{8F5BC976-9814-4434-BDC0-025E28A2B8E4}.Debug|Any CPU.ActiveCfg = Debug|Any CPU
		{8F5BC976-9814-4434-BDC0-025E28A2B8E4}.Debug|Any CPU.Build.0 = Debug|Any CPU
		{8F5BC976-9814-4434-BDC0-025E28A2B8E4}.Release|Any CPU.ActiveCfg = Release|Any CPU
		{8F5BC976-9814-4434-BDC0-025E28A2B8E4}.Release|Any CPU.Build.0 = Release|Any CPU
	EndGlobalSection
	GlobalSection(SolutionProperties) = preSolution
		HideSolutionNode = FALSE
	EndGlobalSection
	GlobalSection(ExtensibilityGlobals) = postSolution
		SolutionGuid = {43211032-1E36-4D39-BF2A-18F45E092E6A}
	EndGlobalSection
EndGlobal
